// !$*UTF8*$!
{
	archiveVersion = 1;
	classes = {
	};
	objectVersion = 50;
	objects = {

/* Begin PBXBuildFile section */
		1B80C61120F90C7C00C93888 /* AppDelegate.swift in Sources */ = {isa = PBXBuildFile; fileRef = 1B80C61020F90C7C00C93888 /* AppDelegate.swift */; };
		1B80C61320F90C7C00C93888 /* ViewController.swift in Sources */ = {isa = PBXBuildFile; fileRef = 1B80C61220F90C7C00C93888 /* ViewController.swift */; };
		1B80C61620F90C7C00C93888 /* Main.storyboard in Resources */ = {isa = PBXBuildFile; fileRef = 1B80C61420F90C7C00C93888 /* Main.storyboard */; };
		1B80C61820F90C7E00C93888 /* Assets.xcassets in Resources */ = {isa = PBXBuildFile; fileRef = 1B80C61720F90C7E00C93888 /* Assets.xcassets */; };
		1B80C61B20F90C7E00C93888 /* LaunchScreen.storyboard in Resources */ = {isa = PBXBuildFile; fileRef = 1B80C61920F90C7E00C93888 /* LaunchScreen.storyboard */; };
		1B80C62620F90C7E00C93888 /* SeeSpeechTests.swift in Sources */ = {isa = PBXBuildFile; fileRef = 1B80C62520F90C7E00C93888 /* SeeSpeechTests.swift */; };
/* End PBXBuildFile section */

/* Begin PBXContainerItemProxy section */
		1B80C62220F90C7E00C93888 /* PBXContainerItemProxy */ = {
			isa = PBXContainerItemProxy;
			containerPortal = 1B80C60520F90C7C00C93888 /* Project object */;
			proxyType = 1;
			remoteGlobalIDString = 1B80C60C20F90C7C00C93888;
			remoteInfo = SeeSpeech;
		};
/* End PBXContainerItemProxy section */

/* Begin PBXFileReference section */
		1B80C60D20F90C7C00C93888 /* SeeSpeech.app */ = {isa = PBXFileReference; explicitFileType = wrapper.application; includeInIndex = 0; path = SeeSpeech.app; sourceTree = BUILT_PRODUCTS_DIR; };
		1B80C61020F90C7C00C93888 /* AppDelegate.swift */ = {isa = PBXFileReference; lastKnownFileType = sourcecode.swift; path = AppDelegate.swift; sourceTree = "<group>"; };
		1B80C61220F90C7C00C93888 /* ViewController.swift */ = {isa = PBXFileReference; lastKnownFileType = sourcecode.swift; path = ViewController.swift; sourceTree = "<group>"; };
		1B80C61520F90C7C00C93888 /* Base */ = {isa = PBXFileReference; lastKnownFileType = file.storyboard; name = Base; path = Base.lproj/Main.storyboard; sourceTree = "<group>"; };
		1B80C61720F90C7E00C93888 /* Assets.xcassets */ = {isa = PBXFileReference; lastKnownFileType = folder.assetcatalog; path = Assets.xcassets; sourceTree = "<group>"; };
		1B80C61A20F90C7E00C93888 /* Base */ = {isa = PBXFileReference; lastKnownFileType = file.storyboard; name = Base; path = Base.lproj/LaunchScreen.storyboard; sourceTree = "<group>"; };
		1B80C61C20F90C7E00C93888 /* Info.plist */ = {isa = PBXFileReference; lastKnownFileType = text.plist.xml; path = Info.plist; sourceTree = "<group>"; };
		1B80C62120F90C7E00C93888 /* SeeSpeechTests.xctest */ = {isa = PBXFileReference; explicitFileType = wrapper.cfbundle; includeInIndex = 0; path = SeeSpeechTests.xctest; sourceTree = BUILT_PRODUCTS_DIR; };
		1B80C62520F90C7E00C93888 /* SeeSpeechTests.swift */ = {isa = PBXFileReference; lastKnownFileType = sourcecode.swift; path = SeeSpeechTests.swift; sourceTree = "<group>"; };
		1B80C62720F90C7E00C93888 /* Info.plist */ = {isa = PBXFileReference; lastKnownFileType = text.plist.xml; path = Info.plist; sourceTree = "<group>"; };
/* End PBXFileReference section */

/* Begin PBXFrameworksBuildPhase section */
		1B80C60A20F90C7C00C93888 /* Frameworks */ = {
			isa = PBXFrameworksBuildPhase;
			buildActionMask = 2147483647;
			files = (
			);
			runOnlyForDeploymentPostprocessing = 0;
		};
		1B80C61E20F90C7E00C93888 /* Frameworks */ = {
			isa = PBXFrameworksBuildPhase;
			buildActionMask = 2147483647;
			files = (
			);
			runOnlyForDeploymentPostprocessing = 0;
		};
/* End PBXFrameworksBuildPhase section */

/* Begin PBXGroup section */
		1B80C60420F90C7C00C93888 = {
			isa = PBXGroup;
			children = (
				1B80C60F20F90C7C00C93888 /* SeeSpeech */,
				1B80C62420F90C7E00C93888 /* SeeSpeechTests */,
				1B80C60E20F90C7C00C93888 /* Products */,
			);
			sourceTree = "<group>";
		};
		1B80C60E20F90C7C00C93888 /* Products */ = {
			isa = PBXGroup;
			children = (
				1B80C60D20F90C7C00C93888 /* SeeSpeech.app */,
				1B80C62120F90C7E00C93888 /* SeeSpeechTests.xctest */,
			);
			name = Products;
			sourceTree = "<group>";
		};
		1B80C60F20F90C7C00C93888 /* SeeSpeech */ = {
			isa = PBXGroup;
			children = (
				1B80C61020F90C7C00C93888 /* AppDelegate.swift */,
				1B80C61220F90C7C00C93888 /* ViewController.swift */,
				1B80C61420F90C7C00C93888 /* Main.storyboard */,
				1B80C61720F90C7E00C93888 /* Assets.xcassets */,
				1B80C61920F90C7E00C93888 /* LaunchScreen.storyboard */,
				1B80C61C20F90C7E00C93888 /* Info.plist */,
			);
			path = SeeSpeech;
			sourceTree = "<group>";
		};
		1B80C62420F90C7E00C93888 /* SeeSpeechTests */ = {
			isa = PBXGroup;
			children = (
				1B80C62520F90C7E00C93888 /* SeeSpeechTests.swift */,
				1B80C62720F90C7E00C93888 /* Info.plist */,
			);
			path = SeeSpeechTests;
			sourceTree = "<group>";
		};
/* End PBXGroup section */

/* Begin PBXNativeTarget section */
		1B80C60C20F90C7C00C93888 /* SeeSpeech */ = {
			isa = PBXNativeTarget;
			buildConfigurationList = 1B80C62A20F90C7E00C93888 /* Build configuration list for PBXNativeTarget "SeeSpeech" */;
			buildPhases = (
				1B80C60920F90C7C00C93888 /* Sources */,
				1B80C60A20F90C7C00C93888 /* Frameworks */,
				1B80C60B20F90C7C00C93888 /* Resources */,
			);
			buildRules = (
			);
			dependencies = (
			);
			name = SeeSpeech;
			productName = SeeSpeech;
			productReference = 1B80C60D20F90C7C00C93888 /* SeeSpeech.app */;
			productType = "com.apple.product-type.application";
		};
		1B80C62020F90C7E00C93888 /* SeeSpeechTests */ = {
			isa = PBXNativeTarget;
			buildConfigurationList = 1B80C62D20F90C7E00C93888 /* Build configuration list for PBXNativeTarget "SeeSpeechTests" */;
			buildPhases = (
				1B80C61D20F90C7E00C93888 /* Sources */,
				1B80C61E20F90C7E00C93888 /* Frameworks */,
				1B80C61F20F90C7E00C93888 /* Resources */,
			);
			buildRules = (
			);
			dependencies = (
				1B80C62320F90C7E00C93888 /* PBXTargetDependency */,
			);
			name = SeeSpeechTests;
			productName = SeeSpeechTests;
			productReference = 1B80C62120F90C7E00C93888 /* SeeSpeechTests.xctest */;
			productType = "com.apple.product-type.bundle.unit-test";
		};
/* End PBXNativeTarget section */

/* Begin PBXProject section */
		1B80C60520F90C7C00C93888 /* Project object */ = {
			isa = PBXProject;
			attributes = {
				LastSwiftUpdateCheck = 0940;
				LastUpgradeCheck = 0940;
				ORGANIZATIONNAME = SKern;
				TargetAttributes = {
					1B80C60C20F90C7C00C93888 = {
						CreatedOnToolsVersion = 9.4;
					};
					1B80C62020F90C7E00C93888 = {
						CreatedOnToolsVersion = 9.4;
						TestTargetID = 1B80C60C20F90C7C00C93888;
					};
				};
			};
			buildConfigurationList = 1B80C60820F90C7C00C93888 /* Build configuration list for PBXProject "SeeSpeech" */;
			compatibilityVersion = "Xcode 9.3";
			developmentRegion = en;
			hasScannedForEncodings = 0;
			knownRegions = (
				en,
				Base,
			);
			mainGroup = 1B80C60420F90C7C00C93888;
			productRefGroup = 1B80C60E20F90C7C00C93888 /* Products */;
			projectDirPath = "";
			projectRoot = "";
			targets = (
				1B80C60C20F90C7C00C93888 /* SeeSpeech */,
				1B80C62020F90C7E00C93888 /* SeeSpeechTests */,
			);
		};
/* End PBXProject section */

/* Begin PBXResourcesBuildPhase section */
		1B80C60B20F90C7C00C93888 /* Resources */ = {
			isa = PBXResourcesBuildPhase;
			buildActionMask = 2147483647;
			files = (
				1B80C61B20F90C7E00C93888 /* LaunchScreen.storyboard in Resources */,
				1B80C61820F90C7E00C93888 /* Assets.xcassets in Resources */,
				1B80C61620F90C7C00C93888 /* Main.storyboard in Resources */,
			);
			runOnlyForDeploymentPostprocessing = 0;
		};
		1B80C61F20F90C7E00C93888 /* Resources */ = {
			isa = PBXResourcesBuildPhase;
			buildActionMask = 2147483647;
			files = (
			);
			runOnlyForDeploymentPostprocessing = 0;
		};
/* End PBXResourcesBuildPhase section */

/* Begin PBXSourcesBuildPhase section */
		1B80C60920F90C7C00C93888 /* Sources */ = {
			isa = PBXSourcesBuildPhase;
			buildActionMask = 2147483647;
			files = (
				1B80C61320F90C7C00C93888 /* ViewController.swift in Sources */,
				1B80C61120F90C7C00C93888 /* AppDelegate.swift in Sources */,
			);
			runOnlyForDeploymentPostprocessing = 0;
		};
		1B80C61D20F90C7E00C93888 /* Sources */ = {
			isa = PBXSourcesBuildPhase;
			buildActionMask = 2147483647;
			files = (
				1B80C62620F90C7E00C93888 /* SeeSpeechTests.swift in Sources */,
			);
			runOnlyForDeploymentPostprocessing = 0;
		};
/* End PBXSourcesBuildPhase section */

/* Begin PBXTargetDependency section */
		1B80C62320F90C7E00C93888 /* PBXTargetDependency */ = {
			isa = PBXTargetDependency;
			target = 1B80C60C20F90C7C00C93888 /* SeeSpeech */;
			targetProxy = 1B80C62220F90C7E00C93888 /* PBXContainerItemProxy */;
		};
/* End PBXTargetDependency section */

/* Begin PBXVariantGroup section */
		1B80C61420F90C7C00C93888 /* Main.storyboard */ = {
			isa = PBXVariantGroup;
			children = (
				1B80C61520F90C7C00C93888 /* Base */,
			);
			name = Main.storyboard;
			sourceTree = "<group>";
		};
		1B80C61920F90C7E00C93888 /* LaunchScreen.storyboard */ = {
			isa = PBXVariantGroup;
			children = (
				1B80C61A20F90C7E00C93888 /* Base */,
			);
			name = LaunchScreen.storyboard;
			sourceTree = "<group>";
		};
/* End PBXVariantGroup section */

/* Begin XCBuildConfiguration section */
		1B80C62820F90C7E00C93888 /* Debug */ = {
			isa = XCBuildConfiguration;
			buildSettings = {
				ALWAYS_SEARCH_USER_PATHS = NO;
				CLANG_ANALYZER_NONNULL = YES;
				CLANG_ANALYZER_NUMBER_OBJECT_CONVERSION = YES_AGGRESSIVE;
				CLANG_CXX_LANGUAGE_STANDARD = "gnu++14";
				CLANG_CXX_LIBRARY = "libc++";
				CLANG_ENABLE_MODULES = YES;
				CLANG_ENABLE_OBJC_ARC = YES;
				CLANG_ENABLE_OBJC_WEAK = YES;
				CLANG_WARN_BLOCK_CAPTURE_AUTORELEASING = YES;
				CLANG_WARN_BOOL_CONVERSION = YES;
				CLANG_WARN_COMMA = YES;
				CLANG_WARN_CONSTANT_CONVERSION = YES;
				CLANG_WARN_DEPRECATED_OBJC_IMPLEMENTATIONS = YES;
				CLANG_WARN_DIRECT_OBJC_ISA_USAGE = YES_ERROR;
				CLANG_WARN_DOCUMENTATION_COMMENTS = YES;
				CLANG_WARN_EMPTY_BODY = YES;
				CLANG_WARN_ENUM_CONVERSION = YES;
				CLANG_WARN_INFINITE_RECURSION = YES;
				CLANG_WARN_INT_CONVERSION = YES;
				CLANG_WARN_NON_LITERAL_NULL_CONVERSION = YES;
				CLANG_WARN_OBJC_IMPLICIT_RETAIN_SELF = YES;
				CLANG_WARN_OBJC_LITERAL_CONVERSION = YES;
				CLANG_WARN_OBJC_ROOT_CLASS = YES_ERROR;
				CLANG_WARN_RANGE_LOOP_ANALYSIS = YES;
				CLANG_WARN_STRICT_PROTOTYPES = YES;
				CLANG_WARN_SUSPICIOUS_MOVE = YES;
				CLANG_WARN_UNGUARDED_AVAILABILITY = YES_AGGRESSIVE;
				CLANG_WARN_UNREACHABLE_CODE = YES;
				CLANG_WARN__DUPLICATE_METHOD_MATCH = YES;
				CODE_SIGN_IDENTITY = "iPhone Developer";
				COPY_PHASE_STRIP = NO;
				DEBUG_INFORMATION_FORMAT = dwarf;
				ENABLE_STRICT_OBJC_MSGSEND = YES;
				ENABLE_TESTABILITY = YES;
				GCC_C_LANGUAGE_STANDARD = gnu11;
				GCC_DYNAMIC_NO_PIC = NO;
				GCC_NO_COMMON_BLOCKS = YES;
				GCC_OPTIMIZATION_LEVEL = 0;
				GCC_PREPROCESSOR_DEFINITIONS = (
					"DEBUG=1",
					"$(inherited)",
				);
				GCC_WARN_64_TO_32_BIT_CONVERSION = YES;
				GCC_WARN_ABOUT_RETURN_TYPE = YES_ERROR;
				GCC_WARN_UNDECLARED_SELECTOR = YES;
				GCC_WARN_UNINITIALIZED_AUTOS = YES_AGGRESSIVE;
				GCC_WARN_UNUSED_FUNCTION = YES;
				GCC_WARN_UNUSED_VARIABLE = YES;
				IPHONEOS_DEPLOYMENT_TARGET = 11.4;
				MTL_ENABLE_DEBUG_INFO = YES;
				ONLY_ACTIVE_ARCH = YES;
				SDKROOT = iphoneos;
				SWIFT_ACTIVE_COMPILATION_CONDITIONS = DEBUG;
				SWIFT_OPTIMIZATION_LEVEL = "-Onone";
			};
			name = Debug;
		};
		1B80C62920F90C7E00C93888 /* Release */ = {
			isa = XCBuildConfiguration;
			buildSettings = {
				ALWAYS_SEARCH_USER_PATHS = NO;
				CLANG_ANALYZER_NONNULL = YES;
				CLANG_ANALYZER_NUMBER_OBJECT_CONVERSION = YES_AGGRESSIVE;
				CLANG_CXX_LANGUAGE_STANDARD = "gnu++14";
				CLANG_CXX_LIBRARY = "libc++";
				CLANG_ENABLE_MODULES = YES;
				CLANG_ENABLE_OBJC_ARC = YES;
				CLANG_ENABLE_OBJC_WEAK = YES;
				CLANG_WARN_BLOCK_CAPTURE_AUTORELEASING = YES;
				CLANG_WARN_BOOL_CONVERSION = YES;
				CLANG_WARN_COMMA = YES;
				CLANG_WARN_CONSTANT_CONVERSION = YES;
				CLANG_WARN_DEPRECATED_OBJC_IMPLEMENTATIONS = YES;
				CLANG_WARN_DIRECT_OBJC_ISA_USAGE = YES_ERROR;
				CLANG_WARN_DOCUMENTATION_COMMENTS = YES;
				CLANG_WARN_EMPTY_BODY = YES;
				CLANG_WARN_ENUM_CONVERSION = YES;
				CLANG_WARN_INFINITE_RECURSION = YES;
				CLANG_WARN_INT_CONVERSION = YES;
				CLANG_WARN_NON_LITERAL_NULL_CONVERSION = YES;
				CLANG_WARN_OBJC_IMPLICIT_RETAIN_SELF = YES;
				CLANG_WARN_OBJC_LITERAL_CONVERSION = YES;
				CLANG_WARN_OBJC_ROOT_CLASS = YES_ERROR;
				CLANG_WARN_RANGE_LOOP_ANALYSIS = YES;
				CLANG_WARN_STRICT_PROTOTYPES = YES;
				CLANG_WARN_SUSPICIOUS_MOVE = YES;
				CLANG_WARN_UNGUARDED_AVAILABILITY = YES_AGGRESSIVE;
				CLANG_WARN_UNREACHABLE_CODE = YES;
				CLANG_WARN__DUPLICATE_METHOD_MATCH = YES;
				CODE_SIGN_IDENTITY = "iPhone Developer";
				COPY_PHASE_STRIP = NO;
				DEBUG_INFORMATION_FORMAT = "dwarf-with-dsym";
				ENABLE_NS_ASSERTIONS = NO;
				ENABLE_STRICT_OBJC_MSGSEND = YES;
				GCC_C_LANGUAGE_STANDARD = gnu11;
				GCC_NO_COMMON_BLOCKS = YES;
				GCC_WARN_64_TO_32_BIT_CONVERSION = YES;
				GCC_WARN_ABOUT_RETURN_TYPE = YES_ERROR;
				GCC_WARN_UNDECLARED_SELECTOR = YES;
				GCC_WARN_UNINITIALIZED_AUTOS = YES_AGGRESSIVE;
				GCC_WARN_UNUSED_FUNCTION = YES;
				GCC_WARN_UNUSED_VARIABLE = YES;
				IPHONEOS_DEPLOYMENT_TARGET = 11.4;
				MTL_ENABLE_DEBUG_INFO = NO;
				SDKROOT = iphoneos;
				SWIFT_COMPILATION_MODE = wholemodule;
				SWIFT_OPTIMIZATION_LEVEL = "-O";
				VALIDATE_PRODUCT = YES;
			};
			name = Release;
		};
		1B80C62B20F90C7E00C93888 /* Debug */ = {
			isa = XCBuildConfiguration;
			buildSettings = {
				ASSETCATALOG_COMPILER_APPICON_NAME = AppIcon;
				CODE_SIGN_STYLE = Automatic;
				DEVELOPMENT_TEAM = 3HDZQ5XYMF;
				INFOPLIST_FILE = SeeSpeech/Info.plist;
				LD_RUNPATH_SEARCH_PATHS = (
					"$(inherited)",
					"@executable_path/Frameworks",
				);
				PRODUCT_BUNDLE_IDENTIFIER = skern.SeeSpeech;
				PRODUCT_NAME = "$(TARGET_NAME)";
				SWIFT_VERSION = 4.0;
				TARGETED_DEVICE_FAMILY = "1,2";
			};
			name = Debug;
		};
		1B80C62C20F90C7E00C93888 /* Release */ = {
			isa = XCBuildConfiguration;
			buildSettings = {
				ASSETCATALOG_COMPILER_APPICON_NAME = AppIcon;
				CODE_SIGN_STYLE = Automatic;
				DEVELOPMENT_TEAM = 3HDZQ5XYMF;
				INFOPLIST_FILE = SeeSpeech/Info.plist;
				LD_RUNPATH_SEARCH_PATHS = (
					"$(inherited)",
					"@executable_path/Frameworks",
				);
				PRODUCT_BUNDLE_IDENTIFIER = skern.SeeSpeech;
				PRODUCT_NAME = "$(TARGET_NAME)";
				SWIFT_VERSION = 4.0;
				TARGETED_DEVICE_FAMILY = "1,2";
			};
			name = Release;
		};
		1B80C62E20F90C7E00C93888 /* Debug */ = {
			isa = XCBuildConfiguration;
			buildSettings = {
				ALWAYS_EMBED_SWIFT_STANDARD_LIBRARIES = YES;
				BUNDLE_LOADER = "$(TEST_HOST)";
				CODE_SIGN_STYLE = Automatic;
				DEVELOPMENT_TEAM = 3HDZQ5XYMF;
				INFOPLIST_FILE = SeeSpeechTests/Info.plist;
				LD_RUNPATH_SEARCH_PATHS = (
					"$(inherited)",
					"@executable_path/Frameworks",
					"@loader_path/Frameworks",
				);
				PRODUCT_BUNDLE_IDENTIFIER = skern.SeeSpeechTests;
				PRODUCT_NAME = "$(TARGET_NAME)";
				SWIFT_VERSION = 4.0;
				TARGETED_DEVICE_FAMILY = "1,2";
				TEST_HOST = "$(BUILT_PRODUCTS_DIR)/SeeSpeech.app/SeeSpeech";
			};
			name = Debug;
		};
		1B80C62F20F90C7E00C93888 /* Release */ = {
			isa = XCBuildConfiguration;
			buildSettings = {
				ALWAYS_EMBED_SWIFT_STANDARD_LIBRARIES = YES;
				BUNDLE_LOADER = "$(TEST_HOST)";
				CODE_SIGN_STYLE = Automatic;
				DEVELOPMENT_TEAM = 3HDZQ5XYMF;
				INFOPLIST_FILE = SeeSpeechTests/Info.plist;
				LD_RUNPATH_SEARCH_PATHS = (
					"$(inherited)",
					"@executable_path/Frameworks",
					"@loader_path/Frameworks",
				);
				PRODUCT_BUNDLE_IDENTIFIER = skern.SeeSpeechTests;
				PRODUCT_NAME = "$(TARGET_NAME)";
				SWIFT_VERSION = 4.0;
				TARGETED_DEVICE_FAMILY = "1,2";
				TEST_HOST = "$(BUILT_PRODUCTS_DIR)/SeeSpeech.app/SeeSpeech";
			};
			name = Release;
		};
/* End XCBuildConfiguration section */

/* Begin XCConfigurationList section */
		1B80C60820F90C7C00C93888 /* Build configuration list for PBXProject "SeeSpeech" */ = {
			isa = XCConfigurationList;
			buildConfigurations = (
				1B80C62820F90C7E00C93888 /* Debug */,
				1B80C62920F90C7E00C93888 /* Release */,
			);
			defaultConfigurationIsVisible = 0;
			defaultConfigurationName = Release;
		};
		1B80C62A20F90C7E00C93888 /* Build configuration list for PBXNativeTarget "SeeSpeech" */ = {
			isa = XCConfigurationList;
			buildConfigurations = (
				1B80C62B20F90C7E00C93888 /* Debug */,
				1B80C62C20F90C7E00C93888 /* Release */,
			);
			defaultConfigurationIsVisible = 0;
			defaultConfigurationName = Release;
		};
		1B80C62D20F90C7E00C93888 /* Build configuration list for PBXNativeTarget "SeeSpeechTests" */ = {
			isa = XCConfigurationList;
			buildConfigurations = (
				1B80C62E20F90C7E00C93888 /* Debug */,
				1B80C62F20F90C7E00C93888 /* Release */,
			);
			defaultConfigurationIsVisible = 0;
			defaultConfigurationName = Release;
		};
/* End XCConfigurationList section */
	};
	rootObject = 1B80C60520F90C7C00C93888 /* Project object */;
}
